
Microsoft Visual Studio Solution File, Format Version 12.00
# Visual Studio Version 16
VisualStudioVersion = 16.0.31702.278
MinimumVisualStudioVersion = 10.0.40219.1
Project("{FAE04EC0-301F-11D3-BF4B-00C04F79EFBC}") = "LetsFizzBuzz.Domain", "LetsFizzBuzz.Domain\LetsFizzBuzz.Domain.csproj", "{E7DC5C14-B7D4-4FC1-9B80-408D6E530AAF}"
EndProject
Project("{FAE04EC0-301F-11D3-BF4B-00C04F79EFBC}") = "LetsFizzBuzz.UnitTests", "LetsFizzBuzz.UnitTests\LetsFizzBuzz.UnitTests.csproj", "{87B488BF-7E01-49FC-BAF4-5E0631F0CEC5}"
EndProject
Global
	GlobalSection(SolutionConfigurationPlatforms) = preSolution
		Debug|Any CPU = Debug|Any CPU
		Release|Any CPU = Release|Any CPU
	EndGlobalSection
	GlobalSection(ProjectConfigurationPlatforms) = postSolution
		{E7DC5C14-B7D4-4FC1-9B80-408D6E530AAF}.Debug|Any CPU.ActiveCfg = Debug|Any CPU
		{E7DC5C14-B7D4-4FC1-9B80-408D6E530AAF}.Debug|Any CPU.Build.0 = Debug|Any CPU
		{E7DC5C14-B7D4-4FC1-9B80-408D6E530AAF}.Release|Any CPU.ActiveCfg = Release|Any CPU
		{E7DC5C14-B7D4-4FC1-9B80-408D6E530AAF}.Release|Any CPU.Build.0 = Release|Any CPU
		{87B488BF-7E01-49FC-BAF4-5E0631F0CEC5}.Debug|Any CPU.ActiveCfg = Debug|Any CPU
		{87B488BF-7E01-49FC-BAF4-5E0631F0CEC5}.Debug|Any CPU.Build.0 = Debug|Any CPU
		{87B488BF-7E01-49FC-BAF4-5E0631F0CEC5}.Release|Any CPU.ActiveCfg = Release|Any CPU
		{87B488BF-7E01-49FC-BAF4-5E0631F0CEC5}.Release|Any CPU.Build.0 = Release|Any CPU
	EndGlobalSection
	GlobalSection(SolutionProperties) = preSolution
		HideSolutionNode = FALSE
	EndGlobalSection
	GlobalSection(ExtensibilityGlobals) = postSolution
		SolutionGuid = {FD2D0FA7-6E1E-4D1E-A785-1F84C0A6CBE1}
	EndGlobalSection
EndGlobal
